
Microsoft Visual Studio Solution File, Format Version 12.00
# Visual Studio Version 16
VisualStudioVersion = 16.0.30907.101
MinimumVisualStudioVersion = 10.0.40219.1
Project("{FAE04EC0-301F-11D3-BF4B-00C04F79EFBC}") = "DCS-Update-Witching-Utility", "DCS-Update-Witching-Utility\DCS-Update-Witching-Utility.csproj", "{873406C4-F685-4611-8AFA-D0BAB3C328BB}"
EndProject
Global
	GlobalSection(SolutionConfigurationPlatforms) = preSolution
		Debug|Any CPU = Debug|Any CPU
		Release|Any CPU = Release|Any CPU
	EndGlobalSection
	GlobalSection(ProjectConfigurationPlatforms) = postSolution
		{873406C4-F685-4611-8AFA-D0BAB3C328BB}.Debug|Any CPU.ActiveCfg = Debug|Any CPU
		{873406C4-F685-4611-8AFA-D0BAB3C328BB}.Debug|Any CPU.Build.0 = Debug|Any CPU
		{873406C4-F685-4611-8AFA-D0BAB3C328BB}.Release|Any CPU.ActiveCfg = Release|Any CPU
		{873406C4-F685-4611-8AFA-D0BAB3C328BB}.Release|Any CPU.Build.0 = Release|Any CPU
	EndGlobalSection
	GlobalSection(SolutionProperties) = preSolution
		HideSolutionNode = FALSE
	EndGlobalSection
	GlobalSection(ExtensibilityGlobals) = postSolution
		SolutionGuid = {2838605A-54D2-4CF4-9960-AB34908D2EDA}
	EndGlobalSection
EndGlobal
